
Microsoft Visual Studio Solution File, Format Version 12.00
# Visual Studio 15
VisualStudioVersion = 15.0.26124.0
MinimumVisualStudioVersion = 15.0.26124.0
Project("{FAE04EC0-301F-11D3-BF4B-00C04F79EFBC}") = "application", "Api.Application\application.csproj", "{CEB1146F-D3AB-49D4-9FF4-E813A777E7EB}"
EndProject
Project("{FAE04EC0-301F-11D3-BF4B-00C04F79EFBC}") = "Domain", "Api.Domain\Domain.csproj", "{46A4F663-2C85-4434-8F7D-5B997E4C6E21}"
EndProject
Project("{FAE04EC0-301F-11D3-BF4B-00C04F79EFBC}") = "CrossCutting", "Api.CrossCutting\CrossCutting.csproj", "{64E8ED1A-C6D2-4561-BD98-4B751BECE127}"
EndProject
Project("{FAE04EC0-301F-11D3-BF4B-00C04F79EFBC}") = "Data", "Api.Data\Data.csproj", "{1FEBE0E8-F926-4B3F-A726-070E0F21E558}"
EndProject
Project("{FAE04EC0-301F-11D3-BF4B-00C04F79EFBC}") = "Service", "Api.Service\Service.csproj", "{D053D1FE-54B7-4963-9FBF-86FA6487F0E0}"
EndProject
Project("{FAE04EC0-301F-11D3-BF4B-00C04F79EFBC}") = "Api.Data.Test", "Api.Data.Test\Api.Data.Test.csproj", "{9E15C0CD-01DE-45C2-8261-EFCB51041482}"
EndProject
Project("{FAE04EC0-301F-11D3-BF4B-00C04F79EFBC}") = "Api.Service.Test", "Api.Service.Test\Api.Service.Test.csproj", "{7BF00D8F-E6D0-4F29-A9A3-736CA277A1F3}"
EndProject
Project("{FAE04EC0-301F-11D3-BF4B-00C04F79EFBC}") = "Api.Application.Test", "Api.Application.Test\Api.Application.Test.csproj", "{7D64B151-982E-4351-A06F-6DD3B70328E3}"
EndProject
Global
	GlobalSection(SolutionConfigurationPlatforms) = preSolution
		Debug|Any CPU = Debug|Any CPU
		Debug|x64 = Debug|x64
		Debug|x86 = Debug|x86
		Release|Any CPU = Release|Any CPU
		Release|x64 = Release|x64
		Release|x86 = Release|x86
	EndGlobalSection
	GlobalSection(SolutionProperties) = preSolution
		HideSolutionNode = FALSE
	EndGlobalSection
	GlobalSection(ProjectConfigurationPlatforms) = postSolution
		{CEB1146F-D3AB-49D4-9FF4-E813A777E7EB}.Debug|Any CPU.ActiveCfg = Debug|Any CPU
		{CEB1146F-D3AB-49D4-9FF4-E813A777E7EB}.Debug|Any CPU.Build.0 = Debug|Any CPU
		{CEB1146F-D3AB-49D4-9FF4-E813A777E7EB}.Debug|x64.ActiveCfg = Debug|Any CPU
		{CEB1146F-D3AB-49D4-9FF4-E813A777E7EB}.Debug|x64.Build.0 = Debug|Any CPU
		{CEB1146F-D3AB-49D4-9FF4-E813A777E7EB}.Debug|x86.ActiveCfg = Debug|Any CPU
		{CEB1146F-D3AB-49D4-9FF4-E813A777E7EB}.Debug|x86.Build.0 = Debug|Any CPU
		{CEB1146F-D3AB-49D4-9FF4-E813A777E7EB}.Release|Any CPU.ActiveCfg = Release|Any CPU
		{CEB1146F-D3AB-49D4-9FF4-E813A777E7EB}.Release|Any CPU.Build.0 = Release|Any CPU
		{CEB1146F-D3AB-49D4-9FF4-E813A777E7EB}.Release|x64.ActiveCfg = Release|Any CPU
		{CEB1146F-D3AB-49D4-9FF4-E813A777E7EB}.Release|x64.Build.0 = Release|Any CPU
		{CEB1146F-D3AB-49D4-9FF4-E813A777E7EB}.Release|x86.ActiveCfg = Release|Any CPU
		{CEB1146F-D3AB-49D4-9FF4-E813A777E7EB}.Release|x86.Build.0 = Release|Any CPU
		{46A4F663-2C85-4434-8F7D-5B997E4C6E21}.Debug|Any CPU.ActiveCfg = Debug|Any CPU
		{46A4F663-2C85-4434-8F7D-5B997E4C6E21}.Debug|Any CPU.Build.0 = Debug|Any CPU
		{46A4F663-2C85-4434-8F7D-5B997E4C6E21}.Debug|x64.ActiveCfg = Debug|Any CPU
		{46A4F663-2C85-4434-8F7D-5B997E4C6E21}.Debug|x64.Build.0 = Debug|Any CPU
		{46A4F663-2C85-4434-8F7D-5B997E4C6E21}.Debug|x86.ActiveCfg = Debug|Any CPU
		{46A4F663-2C85-4434-8F7D-5B997E4C6E21}.Debug|x86.Build.0 = Debug|Any CPU
		{46A4F663-2C85-4434-8F7D-5B997E4C6E21}.Release|Any CPU.ActiveCfg = Release|Any CPU
		{46A4F663-2C85-4434-8F7D-5B997E4C6E21}.Release|Any CPU.Build.0 = Release|Any CPU
		{46A4F663-2C85-4434-8F7D-5B997E4C6E21}.Release|x64.ActiveCfg = Release|Any CPU
		{46A4F663-2C85-4434-8F7D-5B997E4C6E21}.Release|x64.Build.0 = Release|Any CPU
		{46A4F663-2C85-4434-8F7D-5B997E4C6E21}.Release|x86.ActiveCfg = Release|Any CPU
		{46A4F663-2C85-4434-8F7D-5B997E4C6E21}.Release|x86.Build.0 = Release|Any CPU
		{64E8ED1A-C6D2-4561-BD98-4B751BECE127}.Debug|Any CPU.ActiveCfg = Debug|Any CPU
		{64E8ED1A-C6D2-4561-BD98-4B751BECE127}.Debug|Any CPU.Build.0 = Debug|Any CPU
		{64E8ED1A-C6D2-4561-BD98-4B751BECE127}.Debug|x64.ActiveCfg = Debug|Any CPU
		{64E8ED1A-C6D2-4561-BD98-4B751BECE127}.Debug|x64.Build.0 = Debug|Any CPU
		{64E8ED1A-C6D2-4561-BD98-4B751BECE127}.Debug|x86.ActiveCfg = Debug|Any CPU
		{64E8ED1A-C6D2-4561-BD98-4B751BECE127}.Debug|x86.Build.0 = Debug|Any CPU
		{64E8ED1A-C6D2-4561-BD98-4B751BECE127}.Release|Any CPU.ActiveCfg = Release|Any CPU
		{64E8ED1A-C6D2-4561-BD98-4B751BECE127}.Release|Any CPU.Build.0 = Release|Any CPU
		{64E8ED1A-C6D2-4561-BD98-4B751BECE127}.Release|x64.ActiveCfg = Release|Any CPU
		{64E8ED1A-C6D2-4561-BD98-4B751BECE127}.Release|x64.Build.0 = Release|Any CPU
		{64E8ED1A-C6D2-4561-BD98-4B751BECE127}.Release|x86.ActiveCfg = Release|Any CPU
		{64E8ED1A-C6D2-4561-BD98-4B751BECE127}.Release|x86.Build.0 = Release|Any CPU
		{1FEBE0E8-F926-4B3F-A726-070E0F21E558}.Debug|Any CPU.ActiveCfg = Debug|Any CPU
		{1FEBE0E8-F926-4B3F-A726-070E0F21E558}.Debug|Any CPU.Build.0 = Debug|Any CPU
		{1FEBE0E8-F926-4B3F-A726-070E0F21E558}.Debug|x64.ActiveCfg = Debug|Any CPU
		{1FEBE0E8-F926-4B3F-A726-070E0F21E558}.Debug|x64.Build.0 = Debug|Any CPU
		{1FEBE0E8-F926-4B3F-A726-070E0F21E558}.Debug|x86.ActiveCfg = Debug|Any CPU
		{1FEBE0E8-F926-4B3F-A726-070E0F21E558}.Debug|x86.Build.0 = Debug|Any CPU
		{1FEBE0E8-F926-4B3F-A726-070E0F21E558}.Release|Any CPU.ActiveCfg = Release|Any CPU
		{1FEBE0E8-F926-4B3F-A726-070E0F21E558}.Release|Any CPU.Build.0 = Release|Any CPU
		{1FEBE0E8-F926-4B3F-A726-070E0F21E558}.Release|x64.ActiveCfg = Release|Any CPU
		{1FEBE0E8-F926-4B3F-A726-070E0F21E558}.Release|x64.Build.0 = Release|Any CPU
		{1FEBE0E8-F926-4B3F-A726-070E0F21E558}.Release|x86.ActiveCfg = Release|Any CPU
		{1FEBE0E8-F926-4B3F-A726-070E0F21E558}.Release|x86.Build.0 = Release|Any CPU
		{D053D1FE-54B7-4963-9FBF-86FA6487F0E0}.Debug|Any CPU.ActiveCfg = Debug|Any CPU
		{D053D1FE-54B7-4963-9FBF-86FA6487F0E0}.Debug|Any CPU.Build.0 = Debug|Any CPU
		{D053D1FE-54B7-4963-9FBF-86FA6487F0E0}.Debug|x64.ActiveCfg = Debug|Any CPU
		{D053D1FE-54B7-4963-9FBF-86FA6487F0E0}.Debug|x64.Build.0 = Debug|Any CPU
		{D053D1FE-54B7-4963-9FBF-86FA6487F0E0}.Debug|x86.ActiveCfg = Debug|Any CPU
		{D053D1FE-54B7-4963-9FBF-86FA6487F0E0}.Debug|x86.Build.0 = Debug|Any CPU
		{D053D1FE-54B7-4963-9FBF-86FA6487F0E0}.Release|Any CPU.ActiveCfg = Release|Any CPU
		{D053D1FE-54B7-4963-9FBF-86FA6487F0E0}.Release|Any CPU.Build.0 = Release|Any CPU
		{D053D1FE-54B7-4963-9FBF-86FA6487F0E0}.Release|x64.ActiveCfg = Release|Any CPU
		{D053D1FE-54B7-4963-9FBF-86FA6487F0E0}.Release|x64.Build.0 = Release|Any CPU
		{D053D1FE-54B7-4963-9FBF-86FA6487F0E0}.Release|x86.ActiveCfg = Release|Any CPU
		{D053D1FE-54B7-4963-9FBF-86FA6487F0E0}.Release|x86.Build.0 = Release|Any CPU
		{9E15C0CD-01DE-45C2-8261-EFCB51041482}.Debug|Any CPU.ActiveCfg = Debug|Any CPU
		{9E15C0CD-01DE-45C2-8261-EFCB51041482}.Debug|Any CPU.Build.0 = Debug|Any CPU
		{9E15C0CD-01DE-45C2-8261-EFCB51041482}.Debug|x64.ActiveCfg = Debug|Any CPU
		{9E15C0CD-01DE-45C2-8261-EFCB51041482}.Debug|x64.Build.0 = Debug|Any CPU
		{9E15C0CD-01DE-45C2-8261-EFCB51041482}.Debug|x86.ActiveCfg = Debug|Any CPU
		{9E15C0CD-01DE-45C2-8261-EFCB51041482}.Debug|x86.Build.0 = Debug|Any CPU
		{9E15C0CD-01DE-45C2-8261-EFCB51041482}.Release|Any CPU.ActiveCfg = Release|Any CPU
		{9E15C0CD-01DE-45C2-8261-EFCB51041482}.Release|Any CPU.Build.0 = Release|Any CPU
		{9E15C0CD-01DE-45C2-8261-EFCB51041482}.Release|x64.ActiveCfg = Release|Any CPU
		{9E15C0CD-01DE-45C2-8261-EFCB51041482}.Release|x64.Build.0 = Release|Any CPU
		{9E15C0CD-01DE-45C2-8261-EFCB51041482}.Release|x86.ActiveCfg = Release|Any CPU
		{9E15C0CD-01DE-45C2-8261-EFCB51041482}.Release|x86.Build.0 = Release|Any CPU
		{7BF00D8F-E6D0-4F29-A9A3-736CA277A1F3}.Debug|Any CPU.ActiveCfg = Debug|Any CPU
		{7BF00D8F-E6D0-4F29-A9A3-736CA277A1F3}.Debug|Any CPU.Build.0 = Debug|Any CPU
		{7BF00D8F-E6D0-4F29-A9A3-736CA277A1F3}.Debug|x64.ActiveCfg = Debug|Any CPU
		{7BF00D8F-E6D0-4F29-A9A3-736CA277A1F3}.Debug|x64.Build.0 = Debug|Any CPU
		{7BF00D8F-E6D0-4F29-A9A3-736CA277A1F3}.Debug|x86.ActiveCfg = Debug|Any CPU
		{7BF00D8F-E6D0-4F29-A9A3-736CA277A1F3}.Debug|x86.Build.0 = Debug|Any CPU
		{7BF00D8F-E6D0-4F29-A9A3-736CA277A1F3}.Release|Any CPU.ActiveCfg = Release|Any CPU
		{7BF00D8F-E6D0-4F29-A9A3-736CA277A1F3}.Release|Any CPU.Build.0 = Release|Any CPU
		{7BF00D8F-E6D0-4F29-A9A3-736CA277A1F3}.Release|x64.ActiveCfg = Release|Any CPU
		{7BF00D8F-E6D0-4F29-A9A3-736CA277A1F3}.Release|x64.Build.0 = Release|Any CPU
		{7BF00D8F-E6D0-4F29-A9A3-736CA277A1F3}.Release|x86.ActiveCfg = Release|Any CPU
		{7BF00D8F-E6D0-4F29-A9A3-736CA277A1F3}.Release|x86.Build.0 = Release|Any CPU
		{7D64B151-982E-4351-A06F-6DD3B70328E3}.Debug|Any CPU.ActiveCfg = Debug|Any CPU
		{7D64B151-982E-4351-A06F-6DD3B70328E3}.Debug|Any CPU.Build.0 = Debug|Any CPU
		{7D64B151-982E-4351-A06F-6DD3B70328E3}.Debug|x64.ActiveCfg = Debug|Any CPU
		{7D64B151-982E-4351-A06F-6DD3B70328E3}.Debug|x64.Build.0 = Debug|Any CPU
		{7D64B151-982E-4351-A06F-6DD3B70328E3}.Debug|x86.ActiveCfg = Debug|Any CPU
		{7D64B151-982E-4351-A06F-6DD3B70328E3}.Debug|x86.Build.0 = Debug|Any CPU
		{7D64B151-982E-4351-A06F-6DD3B70328E3}.Release|Any CPU.ActiveCfg = Release|Any CPU
		{7D64B151-982E-4351-A06F-6DD3B70328E3}.Release|Any CPU.Build.0 = Release|Any CPU
		{7D64B151-982E-4351-A06F-6DD3B70328E3}.Release|x64.ActiveCfg = Release|Any CPU
		{7D64B151-982E-4351-A06F-6DD3B70328E3}.Release|x64.Build.0 = Release|Any CPU
		{7D64B151-982E-4351-A06F-6DD3B70328E3}.Release|x86.ActiveCfg = Release|Any CPU
		{7D64B151-982E-4351-A06F-6DD3B70328E3}.Release|x86.Build.0 = Release|Any CPU
	EndGlobalSection
EndGlobal
